
Microsoft Visual Studio Solution File, Format Version 12.00
# Visual Studio 14
VisualStudioVersion = 14.0.25123.0
MinimumVisualStudioVersion = 10.0.40219.1
Project("{F088123C-0E9E-452A-89E6-6BA2F21D5CAC}") = "Modeling", "Modeling\Modeling.modelproj", "{575D06C5-BB01-4B68-8F01-5A9489E80F20}"
EndProject
Project("{FAE04EC0-301F-11D3-BF4B-00C04F79EFBC}") = "Photocom.Contracts", "Photocom.Contracts\Photocom.Contracts.csproj", "{67EDFD9F-E069-446C-BB94-A289700917E2}"
EndProject
Project("{FAE04EC0-301F-11D3-BF4B-00C04F79EFBC}") = "Photocom.Presentation", "Photocom.Presentation\Photocom.Presentation.csproj", "{5D5DC976-33DF-40CC-800E-3173A2E48E85}"
EndProject
Project("{FAE04EC0-301F-11D3-BF4B-00C04F79EFBC}") = "ModelingLib", "ModelingLib\ModelingLib.csproj", "{5D49FA03-3F66-4561-BE92-27ECFD83202A}"
EndProject
Project("{FAE04EC0-301F-11D3-BF4B-00C04F79EFBC}") = "Photocom.BusinessLogic", "Photocom.BusinessLogic\Photocom.BusinessLogic.csproj", "{A68D5725-A81D-445A-9DD9-532E3B7184F2}"
EndProject
Project("{FAE04EC0-301F-11D3-BF4B-00C04F79EFBC}") = "Photocom.Models", "Photocom.DatabaseEntries\Photocom.Models.csproj", "{C616BDE3-9DB5-4EE0-8125-98CF133EE769}"
EndProject
Project("{FAE04EC0-301F-11D3-BF4B-00C04F79EFBC}") = "UnitTestProject", "UnitTestProject\UnitTestProject.csproj", "{BB83F25E-D6E0-4614-890B-5C0B58502D02}"
EndProject
Project("{FAE04EC0-301F-11D3-BF4B-00C04F79EFBC}") = "Photocom.DataLayer", "Photocom.DataLayer\Photocom.DataLayer.csproj", "{C656FCD3-34E3-4557-8A57-3105FFF7A0DD}"
EndProject
Global
	GlobalSection(SolutionConfigurationPlatforms) = preSolution
		Debug|Any CPU = Debug|Any CPU
		Release|Any CPU = Release|Any CPU
	EndGlobalSection
	GlobalSection(ProjectConfigurationPlatforms) = postSolution
		{575D06C5-BB01-4B68-8F01-5A9489E80F20}.Debug|Any CPU.ActiveCfg = Debug|Any CPU
		{575D06C5-BB01-4B68-8F01-5A9489E80F20}.Debug|Any CPU.Build.0 = Debug|Any CPU
		{575D06C5-BB01-4B68-8F01-5A9489E80F20}.Release|Any CPU.ActiveCfg = Release|Any CPU
		{575D06C5-BB01-4B68-8F01-5A9489E80F20}.Release|Any CPU.Build.0 = Release|Any CPU
		{67EDFD9F-E069-446C-BB94-A289700917E2}.Debug|Any CPU.ActiveCfg = Debug|Any CPU
		{67EDFD9F-E069-446C-BB94-A289700917E2}.Debug|Any CPU.Build.0 = Debug|Any CPU
		{67EDFD9F-E069-446C-BB94-A289700917E2}.Release|Any CPU.ActiveCfg = Release|Any CPU
		{67EDFD9F-E069-446C-BB94-A289700917E2}.Release|Any CPU.Build.0 = Release|Any CPU
		{5D5DC976-33DF-40CC-800E-3173A2E48E85}.Debug|Any CPU.ActiveCfg = Debug|Any CPU
		{5D5DC976-33DF-40CC-800E-3173A2E48E85}.Debug|Any CPU.Build.0 = Debug|Any CPU
		{5D5DC976-33DF-40CC-800E-3173A2E48E85}.Release|Any CPU.ActiveCfg = Release|Any CPU
		{5D5DC976-33DF-40CC-800E-3173A2E48E85}.Release|Any CPU.Build.0 = Release|Any CPU
		{5D49FA03-3F66-4561-BE92-27ECFD83202A}.Debug|Any CPU.ActiveCfg = Debug|Any CPU
		{5D49FA03-3F66-4561-BE92-27ECFD83202A}.Debug|Any CPU.Build.0 = Debug|Any CPU
		{5D49FA03-3F66-4561-BE92-27ECFD83202A}.Release|Any CPU.ActiveCfg = Release|Any CPU
		{5D49FA03-3F66-4561-BE92-27ECFD83202A}.Release|Any CPU.Build.0 = Release|Any CPU
		{A68D5725-A81D-445A-9DD9-532E3B7184F2}.Debug|Any CPU.ActiveCfg = Debug|Any CPU
		{A68D5725-A81D-445A-9DD9-532E3B7184F2}.Debug|Any CPU.Build.0 = Debug|Any CPU
		{A68D5725-A81D-445A-9DD9-532E3B7184F2}.Release|Any CPU.ActiveCfg = Release|Any CPU
		{A68D5725-A81D-445A-9DD9-532E3B7184F2}.Release|Any CPU.Build.0 = Release|Any CPU
		{C616BDE3-9DB5-4EE0-8125-98CF133EE769}.Debug|Any CPU.ActiveCfg = Debug|Any CPU
		{C616BDE3-9DB5-4EE0-8125-98CF133EE769}.Debug|Any CPU.Build.0 = Debug|Any CPU
		{C616BDE3-9DB5-4EE0-8125-98CF133EE769}.Release|Any CPU.ActiveCfg = Release|Any CPU
		{C616BDE3-9DB5-4EE0-8125-98CF133EE769}.Release|Any CPU.Build.0 = Release|Any CPU
		{BB83F25E-D6E0-4614-890B-5C0B58502D02}.Debug|Any CPU.ActiveCfg = Debug|Any CPU
		{BB83F25E-D6E0-4614-890B-5C0B58502D02}.Debug|Any CPU.Build.0 = Debug|Any CPU
		{BB83F25E-D6E0-4614-890B-5C0B58502D02}.Release|Any CPU.ActiveCfg = Release|Any CPU
		{BB83F25E-D6E0-4614-890B-5C0B58502D02}.Release|Any CPU.Build.0 = Release|Any CPU
		{C656FCD3-34E3-4557-8A57-3105FFF7A0DD}.Debug|Any CPU.ActiveCfg = Debug|Any CPU
		{C656FCD3-34E3-4557-8A57-3105FFF7A0DD}.Debug|Any CPU.Build.0 = Debug|Any CPU
		{C656FCD3-34E3-4557-8A57-3105FFF7A0DD}.Release|Any CPU.ActiveCfg = Release|Any CPU
		{C656FCD3-34E3-4557-8A57-3105FFF7A0DD}.Release|Any CPU.Build.0 = Release|Any CPU
	EndGlobalSection
	GlobalSection(SolutionProperties) = preSolution
		HideSolutionNode = FALSE
	EndGlobalSection
EndGlobal
